
Microsoft Visual Studio Solution File, Format Version 12.00
# Visual Studio 15
VisualStudioVersion = 15.0.28307.572
MinimumVisualStudioVersion = 10.0.40219.1
Project("{FAE04EC0-301F-11D3-BF4B-00C04F79EFBC}") = "WebAPI2", "WebAPI2\WebAPI2.csproj", "{E5551DBB-FE75-4B1E-B5F7-AB7F1B89F77C}"
EndProject
Global
	GlobalSection(SolutionConfigurationPlatforms) = preSolution
		Debug|Any CPU = Debug|Any CPU
		Release|Any CPU = Release|Any CPU
	EndGlobalSection
	GlobalSection(ProjectConfigurationPlatforms) = postSolution
		{E5551DBB-FE75-4B1E-B5F7-AB7F1B89F77C}.Debug|Any CPU.ActiveCfg = Debug|Any CPU
		{E5551DBB-FE75-4B1E-B5F7-AB7F1B89F77C}.Debug|Any CPU.Build.0 = Debug|Any CPU
		{E5551DBB-FE75-4B1E-B5F7-AB7F1B89F77C}.Release|Any CPU.ActiveCfg = Release|Any CPU
		{E5551DBB-FE75-4B1E-B5F7-AB7F1B89F77C}.Release|Any CPU.Build.0 = Release|Any CPU
	EndGlobalSection
	GlobalSection(SolutionProperties) = preSolution
		HideSolutionNode = FALSE
	EndGlobalSection
	GlobalSection(ExtensibilityGlobals) = postSolution
		SolutionGuid = {4B66D13E-2F0E-461B-9DF8-06B8132C1536}
	EndGlobalSection
EndGlobal
